<?xml version="1.0" encoding="utf-8"?>
<Project ToolsVersion="4.0" xmlns="http://schemas.microsoft.com/developer/msbuild/2003">
  <ItemGroup>
    <Filter Include="Source Files">
      <UniqueIdentifier>{4FC737F1-C7A5-4376-A066-2A32D752A2FF}</UniqueIdentifier>
      <Extensions>cpp;c;cc;cxx;def;odl;idl;hpj;bat;asm;asmx</Extensions>
    </Filter>
    <Filter Include="Header Files">
      <UniqueIdentifier>{93995380-89BD-4b04-88EB-625FBE52EBFB}</UniqueIdentifier>
      <Extensions>h;hh;hpp;hxx;hm;inl;inc;ipp;xsd</Extensions>
    </Filter>
    <Filter Include="Header Files\encryption">
      <UniqueIdentifier>{eb127790-e33a-41e4-8d3a-f875a14ccf01}</UniqueIdentifier>
    </Filter>
    <Filter Include="Source Files\encryption">
      <UniqueIdentifier>{fa5f81b5-e21a-4f3f-9942-d875cbe39389}</UniqueIdentifier>
    </Filter>
    <Filter Include="Source Files\minecraft">
      <UniqueIdentifier>{561d0e5d-e7ce-4c16-897f-88bdbe3e132d}</UniqueIdentifier>
    </Filter>
    <Filter Include="Header Files\minecraft">
      <UniqueIdentifier>{fb612a50-55f1-4869-8f66-5b5471461976}</UniqueIdentifier>
    </Filter>
    <Filter Include="Header Files\packet">
      <UniqueIdentifier>{cf51813a-06d8-45af-81fa-763da9247dc1}</UniqueIdentifier>
    </Filter>
    <Filter Include="Source Files\packet">
      <UniqueIdentifier>{e3912cae-e53f-4fa9-a138-dae8fa5ba8a5}</UniqueIdentifier>
    </Filter>
    <Filter Include="Header Files\script">
      <UniqueIdentifier>{14b06971-e929-44b8-96ca-7753bdd7cbea}</UniqueIdentifier>
    </Filter>
    <Filter Include="Source Files\script">
      <UniqueIdentifier>{ad21d0da-65ed-4f7d-afea-c96e8cfca407}</UniqueIdentifier>
    </Filter>
    <Filter Include="Header Files\minecraft\entity">
      <UniqueIdentifier>{d4cb9e3b-ec57-42c3-a214-e80a5c4aac34}</UniqueIdentifier>
    </Filter>
    <Filter Include="Source Files\minecraft\entity">
      <UniqueIdentifier>{5e50ed52-b823-43b2-bab2-e076e8d8dad0}</UniqueIdentifier>
    </Filter>
    <Filter Include="Header Files\exception">
      <UniqueIdentifier>{47107651-adc1-4998-bbd5-101c33e7d1d6}</UniqueIdentifier>
    </Filter>
    <Filter Include="Source Files\exception">
      <UniqueIdentifier>{d637730c-5cf6-42e1-a644-2b8a63bb0171}</UniqueIdentifier>
    </Filter>
    <Filter Include="Header Files\minecraft\block">
      <UniqueIdentifier>{10318ef6-90fc-4f15-bc72-bc33feef7a91}</UniqueIdentifier>
    </Filter>
    <Filter Include="Source Files\minecraft\block">
      <UniqueIdentifier>{0872e5f6-70a8-4b3a-bc0d-0ba8da95e082}</UniqueIdentifier>
    </Filter>
    <Filter Include="Header Files\util">
      <UniqueIdentifier>{856cc845-e271-478b-a2d5-9aac69b3ac62}</UniqueIdentifier>
    </Filter>
    <Filter Include="Source Files\util">
      <UniqueIdentifier>{8cbcff80-1a5e-412b-ac28-c1a8e2e1a120}</UniqueIdentifier>
    </Filter>
  </ItemGroup>
  <ItemGroup>
    <ClCompile Include="main.cpp">
      <Filter>Source Files</Filter>
    </ClCompile>
    <ClCompile Include="MCBot.cpp">
      <Filter>Source Files</Filter>
    </ClCompile>
    <ClCompile Include="Statistic.cpp">
      <Filter>Source Files\minecraft</Filter>
    </ClCompile>
    <ClCompile Include="base64.cpp">
      <Filter>Source Files\encryption</Filter>
    </ClCompile>
    <ClCompile Include="DaftHash.cpp">
      <Filter>Source Files\encryption</Filter>
    </ClCompile>
    <ClCompile Include="PlayerProperty.cpp">
      <Filter>Source Files\minecraft</Filter>
    </ClCompile>
    <ClCompile Include="UUID.cpp">
      <Filter>Source Files\minecraft</Filter>
    </ClCompile>
    <ClCompile Include="WorldBorder.cpp">
      <Filter>Source Files\minecraft</Filter>
    </ClCompile>
    <ClCompile Include="Slot.cpp">
      <Filter>Source Files\minecraft</Filter>
    </ClCompile>
    <ClCompile Include="Position.cpp">
      <Filter>Source Files\minecraft</Filter>
    </ClCompile>
    <ClCompile Include="Particle.cpp">
      <Filter>Source Files\minecraft</Filter>
    </ClCompile>
    <ClCompile Include="Color.cpp">
      <Filter>Source Files\minecraft</Filter>
    </ClCompile>
    <ClCompile Include="PacketDecoder.cpp">
      <Filter>Source Files\packet</Filter>
    </ClCompile>
    <ClCompile Include="PacketEncoder.cpp">
      <Filter>Source Files\packet</Filter>
    </ClCompile>
    <ClCompile Include="Socket.cpp">
      <Filter>Source Files\packet</Filter>
    </ClCompile>
    <ClCompile Include="ScriptRuntime.cpp">
      <Filter>Source Files\script</Filter>
    </ClCompile>
    <ClCompile Include="Attribute.cpp">
      <Filter>Source Files\minecraft\entity</Filter>
    </ClCompile>
    <ClCompile Include="AttributeModifier.cpp">
      <Filter>Source Files\minecraft\entity</Filter>
    </ClCompile>
    <ClCompile Include="Entity.cpp">
      <Filter>Source Files\minecraft\entity</Filter>
    </ClCompile>
    <ClCompile Include="EntityMetadata.cpp">
      <Filter>Source Files\minecraft\entity</Filter>
    </ClCompile>
    <ClCompile Include="VillagerData.cpp">
      <Filter>Source Files\minecraft\entity</Filter>
    </ClCompile>
    <ClCompile Include="EntityLiving.cpp">
      <Filter>Source Files\minecraft\entity</Filter>
    </ClCompile>
    <ClCompile Include="EntityPlayer.cpp">
      <Filter>Source Files\minecraft\entity</Filter>
    </ClCompile>
    <ClCompile Include="Chunk.cpp">
      <Filter>Source Files\minecraft</Filter>
    </ClCompile>
    <ClCompile Include="ChunkSection.cpp">
      <Filter>Source Files\minecraft</Filter>
    </ClCompile>
    <ClCompile Include="CollisionException.cpp">
      <Filter>Source Files\exception</Filter>
    </ClCompile>
    <ClCompile Include="Block.cpp">
      <Filter>Source Files\minecraft\block</Filter>
    </ClCompile>
    <ClCompile Include="BlockUtils.cpp">
      <Filter>Source Files\minecraft\block</Filter>
    </ClCompile>
    <ClCompile Include="PacketReceiver.cpp">
      <Filter>Source Files\packet</Filter>
    </ClCompile>
    <ClCompile Include="PacketSender.cpp">
      <Filter>Source Files\packet</Filter>
    </ClCompile>
    <ClCompile Include="MojangSession.cpp">
      <Filter>Source Files\packet</Filter>
    </ClCompile>
    <ClCompile Include="StringUtils.cpp">
      <Filter>Source Files\util</Filter>
    </ClCompile>
    <ClCompile Include="NBTList.cpp">
      <Filter>Source Files\minecraft</Filter>
    </ClCompile>
    <ClCompile Include="NBTTag.cpp">
      <Filter>Source Files\minecraft</Filter>
    </ClCompile>
    <ClCompile Include="NBTTagCompound.cpp">
      <Filter>Source Files\minecraft</Filter>
    </ClCompile>
    <ClCompile Include="Serializable.cpp">
      <Filter>Source Files\minecraft</Filter>
    </ClCompile>
    <ClCompile Include="Logger.cpp">
      <Filter>Source Files\util</Filter>
    </ClCompile>
  </ItemGroup>
  <ItemGroup>
    <ClInclude Include="MCBot.h">
      <Filter>Header Files</Filter>
    </ClInclude>
    <ClInclude Include="Enums.h">
      <Filter>Header Files\minecraft</Filter>
    </ClInclude>
    <ClInclude Include="Statistic.h">
      <Filter>Header Files\minecraft</Filter>
    </ClInclude>
    <ClInclude Include="base64.h">
      <Filter>Header Files\encryption</Filter>
    </ClInclude>
    <ClInclude Include="DaftHash.h">
      <Filter>Header Files\encryption</Filter>
    </ClInclude>
    <ClInclude Include="PlayerProperty.h">
      <Filter>Header Files\minecraft</Filter>
    </ClInclude>
    <ClInclude Include="UUID.h">
      <Filter>Header Files\minecraft</Filter>
    </ClInclude>
    <ClInclude Include="WorldBorder.h">
      <Filter>Header Files\minecraft</Filter>
    </ClInclude>
    <ClInclude Include="Slot.h">
      <Filter>Header Files\minecraft</Filter>
    </ClInclude>
    <ClInclude Include="Position.h">
      <Filter>Header Files\minecraft</Filter>
    </ClInclude>
    <ClInclude Include="Particle.h">
      <Filter>Header Files\minecraft</Filter>
    </ClInclude>
    <ClInclude Include="Vector.h">
      <Filter>Header Files</Filter>
    </ClInclude>
    <ClInclude Include="Color.h">
      <Filter>Header Files\minecraft</Filter>
    </ClInclude>
    <ClInclude Include="Buffer.h">
      <Filter>Header Files\packet</Filter>
    </ClInclude>
    <ClInclude Include="PacketEncoder.h">
      <Filter>Header Files\packet</Filter>
    </ClInclude>
    <ClInclude Include="PacketDecoder.h">
      <Filter>Header Files\packet</Filter>
    </ClInclude>
    <ClInclude Include="Socket.h">
      <Filter>Header Files\packet</Filter>
    </ClInclude>
    <ClInclude Include="ScriptRuntime.h">
      <Filter>Header Files\script</Filter>
    </ClInclude>
    <ClInclude Include="Attribute.h">
      <Filter>Header Files\minecraft\entity</Filter>
    </ClInclude>
    <ClInclude Include="AttributeModifier.h">
      <Filter>Header Files\minecraft\entity</Filter>
    </ClInclude>
    <ClInclude Include="Entity.h">
      <Filter>Header Files\minecraft\entity</Filter>
    </ClInclude>
    <ClInclude Include="EntityMetadata.h">
      <Filter>Header Files\minecraft\entity</Filter>
    </ClInclude>
    <ClInclude Include="VillagerData.h">
      <Filter>Header Files\minecraft\entity</Filter>
    </ClInclude>
    <ClInclude Include="EntityLiving.h">
      <Filter>Header Files\minecraft\entity</Filter>
    </ClInclude>
    <ClInclude Include="EntityPlayer.h">
      <Filter>Header Files\minecraft\entity</Filter>
    </ClInclude>
    <ClInclude Include="Chunk.h">
      <Filter>Header Files\minecraft</Filter>
    </ClInclude>
    <ClInclude Include="ChunkSection.h">
      <Filter>Header Files\minecraft</Filter>
    </ClInclude>
    <ClInclude Include="CollisionException.h">
      <Filter>Header Files\exception</Filter>
    </ClInclude>
    <ClInclude Include="Block.h">
      <Filter>Header Files\minecraft\block</Filter>
    </ClInclude>
    <ClInclude Include="BlockUtils.h">
      <Filter>Header Files\minecraft\block</Filter>
    </ClInclude>
    <ClInclude Include="PacketReceiver.h">
      <Filter>Header Files\packet</Filter>
    </ClInclude>
    <ClInclude Include="PacketSender.h">
      <Filter>Header Files\packet</Filter>
    </ClInclude>
    <ClInclude Include="MojangSession.h">
      <Filter>Header Files\packet</Filter>
    </ClInclude>
    <ClInclude Include="StringUtils.h">
      <Filter>Header Files\util</Filter>
    </ClInclude>
    <ClInclude Include="NBTTagCompound.h">
      <Filter>Header Files\minecraft</Filter>
    </ClInclude>
    <ClInclude Include="NBTList.h">
      <Filter>Header Files\minecraft</Filter>
    </ClInclude>
    <ClInclude Include="NBTTag.h">
      <Filter>Header Files\minecraft</Filter>
    </ClInclude>
    <ClInclude Include="Serializable.h">
      <Filter>Header Files\minecraft</Filter>
    </ClInclude>
    <ClInclude Include="Logger.h">
      <Filter>Header Files\util</Filter>
    </ClInclude>
    <ClInclude Include="Registry.h">
      <Filter>Header Files</Filter>
    </ClInclude>
  </ItemGroup>
  <ItemGroup>
    <None Include="packages.config" />
  </ItemGroup>
</Project>